
Microsoft Visual Studio Solution File, Format Version 12.00
# Visual Studio Version 16
VisualStudioVersion = 16.0.30517.126
MinimumVisualStudioVersion = 10.0.40219.1
Project("{FAE04EC0-301F-11D3-BF4B-00C04F79EFBC}") = "PROJECTName.Domain", "PROJECTName.Domain\PROJECTName.Domain.csproj", "{E96CC3DC-3AB9-47EA-8687-F85B6732F5C0}"
EndProject
Project("{FAE04EC0-301F-11D3-BF4B-00C04F79EFBC}") = "PROJECTName.Domain.Core", "PROJECTName.Domain.Core\PROJECTName.Domain.Core.csproj", "{F2E5F52D-CDE4-41F7-80E2-38DD8A6B93A8}"
EndProject
Project("{FAE04EC0-301F-11D3-BF4B-00C04F79EFBC}") = "PROJECTName.Domain.Services", "PROJECTName.Domain.Services\PROJECTName.Domain.Services.csproj", "{DBEA5175-D208-43FA-A13B-30000C7F99C4}"
EndProject
Project("{FAE04EC0-301F-11D3-BF4B-00C04F79EFBC}") = "PROJECTName.Domain.Helpers", "PROJECTName.Domain.Helpers\PROJECTName.Domain.Helpers.csproj", "{985C0222-9E9B-43E3-BC39-3816CABE4E25}"
EndProject
Project("{FAE04EC0-301F-11D3-BF4B-00C04F79EFBC}") = "PROJECTName.Infra", "PROJECTName.Infra\PROJECTName.Infra.csproj", "{6BF68A91-A612-4A0F-847F-474D43DFD784}"
EndProject
Project("{FAE04EC0-301F-11D3-BF4B-00C04F79EFBC}") = "PROJECTName.API", "PROJECTName.API\PROJECTName.API.csproj", "{06B4E43C-F4A9-4982-9ACE-BDC20585DC72}"
EndProject
Project("{FAE04EC0-301F-11D3-BF4B-00C04F79EFBC}") = "PROJECTName.Application", "PROJECTName.Application\PROJECTName.Application.csproj", "{2D5D372B-18E0-4105-939E-6B1E09862C37}"
EndProject
Global
	GlobalSection(SolutionConfigurationPlatforms) = preSolution
		Debug|Any CPU = Debug|Any CPU
		Release|Any CPU = Release|Any CPU
	EndGlobalSection
	GlobalSection(ProjectConfigurationPlatforms) = postSolution
		{E96CC3DC-3AB9-47EA-8687-F85B6732F5C0}.Debug|Any CPU.ActiveCfg = Debug|Any CPU
		{E96CC3DC-3AB9-47EA-8687-F85B6732F5C0}.Debug|Any CPU.Build.0 = Debug|Any CPU
		{E96CC3DC-3AB9-47EA-8687-F85B6732F5C0}.Release|Any CPU.ActiveCfg = Release|Any CPU
		{E96CC3DC-3AB9-47EA-8687-F85B6732F5C0}.Release|Any CPU.Build.0 = Release|Any CPU
		{F2E5F52D-CDE4-41F7-80E2-38DD8A6B93A8}.Debug|Any CPU.ActiveCfg = Debug|Any CPU
		{F2E5F52D-CDE4-41F7-80E2-38DD8A6B93A8}.Debug|Any CPU.Build.0 = Debug|Any CPU
		{F2E5F52D-CDE4-41F7-80E2-38DD8A6B93A8}.Release|Any CPU.ActiveCfg = Release|Any CPU
		{F2E5F52D-CDE4-41F7-80E2-38DD8A6B93A8}.Release|Any CPU.Build.0 = Release|Any CPU
		{DBEA5175-D208-43FA-A13B-30000C7F99C4}.Debug|Any CPU.ActiveCfg = Debug|Any CPU
		{DBEA5175-D208-43FA-A13B-30000C7F99C4}.Debug|Any CPU.Build.0 = Debug|Any CPU
		{DBEA5175-D208-43FA-A13B-30000C7F99C4}.Release|Any CPU.ActiveCfg = Release|Any CPU
		{DBEA5175-D208-43FA-A13B-30000C7F99C4}.Release|Any CPU.Build.0 = Release|Any CPU
		{985C0222-9E9B-43E3-BC39-3816CABE4E25}.Debug|Any CPU.ActiveCfg = Debug|Any CPU
		{985C0222-9E9B-43E3-BC39-3816CABE4E25}.Debug|Any CPU.Build.0 = Debug|Any CPU
		{985C0222-9E9B-43E3-BC39-3816CABE4E25}.Release|Any CPU.ActiveCfg = Release|Any CPU
		{985C0222-9E9B-43E3-BC39-3816CABE4E25}.Release|Any CPU.Build.0 = Release|Any CPU
		{6BF68A91-A612-4A0F-847F-474D43DFD784}.Debug|Any CPU.ActiveCfg = Debug|Any CPU
		{6BF68A91-A612-4A0F-847F-474D43DFD784}.Debug|Any CPU.Build.0 = Debug|Any CPU
		{6BF68A91-A612-4A0F-847F-474D43DFD784}.Release|Any CPU.ActiveCfg = Release|Any CPU
		{6BF68A91-A612-4A0F-847F-474D43DFD784}.Release|Any CPU.Build.0 = Release|Any CPU
		{06B4E43C-F4A9-4982-9ACE-BDC20585DC72}.Debug|Any CPU.ActiveCfg = Debug|Any CPU
		{06B4E43C-F4A9-4982-9ACE-BDC20585DC72}.Debug|Any CPU.Build.0 = Debug|Any CPU
		{06B4E43C-F4A9-4982-9ACE-BDC20585DC72}.Release|Any CPU.ActiveCfg = Release|Any CPU
		{06B4E43C-F4A9-4982-9ACE-BDC20585DC72}.Release|Any CPU.Build.0 = Release|Any CPU
		{2D5D372B-18E0-4105-939E-6B1E09862C37}.Debug|Any CPU.ActiveCfg = Debug|Any CPU
		{2D5D372B-18E0-4105-939E-6B1E09862C37}.Debug|Any CPU.Build.0 = Debug|Any CPU
		{2D5D372B-18E0-4105-939E-6B1E09862C37}.Release|Any CPU.ActiveCfg = Release|Any CPU
		{2D5D372B-18E0-4105-939E-6B1E09862C37}.Release|Any CPU.Build.0 = Release|Any CPU
	EndGlobalSection
	GlobalSection(SolutionProperties) = preSolution
		HideSolutionNode = FALSE
	EndGlobalSection
	GlobalSection(ExtensibilityGlobals) = postSolution
		SolutionGuid = {C191A50C-23AB-4FF1-81C5-078C5866082F}
	EndGlobalSection
EndGlobal
